
Microsoft Visual Studio Solution File, Format Version 12.00
# Visual Studio Version 17
VisualStudioVersion = 17.6.33829.357
MinimumVisualStudioVersion = 10.0.40219.1
Project("{F2A71F9B-5D33-465A-A702-920D77279786}") = "AccessViolation", "AccessViolation.fsproj", "{436420FF-45DC-4A49-AA40-814FEAC2274B}"
EndProject
Project("{F2A71F9B-5D33-465A-A702-920D77279786}") = "GenCode", ".\GenCode\GenCode.fsproj", "{2A9B8F65-72D7-4B55-9977-E43A0FD557E9}"
EndProject
Project("{F2A71F9B-5D33-465A-A702-920D77279786}") = "Tests", ".\Tests\Tests.fsproj", "{BD4247D7-6D7E-450D-A805-C6883C527699}"
EndProject
Global
	GlobalSection(SolutionConfigurationPlatforms) = preSolution
		Debug|Any CPU = Debug|Any CPU
		Release|Any CPU = Release|Any CPU
	EndGlobalSection
	GlobalSection(ProjectConfigurationPlatforms) = postSolution
		{436420FF-45DC-4A49-AA40-814FEAC2274B}.Debug|Any CPU.ActiveCfg = Debug|Any CPU
		{436420FF-45DC-4A49-AA40-814FEAC2274B}.Debug|Any CPU.Build.0 = Debug|Any CPU
		{436420FF-45DC-4A49-AA40-814FEAC2274B}.Release|Any CPU.ActiveCfg = Release|Any CPU
		{436420FF-45DC-4A49-AA40-814FEAC2274B}.Release|Any CPU.Build.0 = Release|Any CPU
		{2A9B8F65-72D7-4B55-9977-E43A0FD557E9}.Debug|Any CPU.ActiveCfg = Debug|Any CPU
		{2A9B8F65-72D7-4B55-9977-E43A0FD557E9}.Debug|Any CPU.Build.0 = Debug|Any CPU
		{2A9B8F65-72D7-4B55-9977-E43A0FD557E9}.Release|Any CPU.ActiveCfg = Release|Any CPU
		{2A9B8F65-72D7-4B55-9977-E43A0FD557E9}.Release|Any CPU.Build.0 = Release|Any CPU
		{BD4247D7-6D7E-450D-A805-C6883C527699}.Debug|Any CPU.ActiveCfg = Debug|Any CPU
		{BD4247D7-6D7E-450D-A805-C6883C527699}.Debug|Any CPU.Build.0 = Debug|Any CPU
		{BD4247D7-6D7E-450D-A805-C6883C527699}.Release|Any CPU.ActiveCfg = Release|Any CPU
		{BD4247D7-6D7E-450D-A805-C6883C527699}.Release|Any CPU.Build.0 = Release|Any CPU
	EndGlobalSection
	GlobalSection(SolutionProperties) = preSolution
		HideSolutionNode = FALSE
	EndGlobalSection
	GlobalSection(ExtensibilityGlobals) = postSolution
		SolutionGuid = {8A15B28A-66A3-4206-924A-4A149B0BE500}
	EndGlobalSection
EndGlobal
